// !$*UTF8*$!
{
	archiveVersion = 1;
	classes = {
	};
	objectVersion = 55;
	objects = {

/* Begin PBXBuildFile section */
		9D69CB3C2825B75000D9D753 /* Date+Extensions.swift in Sources */ = {isa = PBXBuildFile; fileRef = 9D69CB3B2825B75000D9D753 /* Date+Extensions.swift */; };
		9DB86044282561E800B58A9A /* WebDataScraperApp.swift in Sources */ = {isa = PBXBuildFile; fileRef = 9DB86043282561E800B58A9A /* WebDataScraperApp.swift */; };
		9DB86046282561E800B58A9A /* ArticleListView.swift in Sources */ = {isa = PBXBuildFile; fileRef = 9DB86045282561E800B58A9A /* ArticleListView.swift */; };
		9DB86048282561E800B58A9A /* Assets.xcassets in Resources */ = {isa = PBXBuildFile; fileRef = 9DB86047282561E800B58A9A /* Assets.xcassets */; };
		9DB8604B282561E800B58A9A /* Preview Assets.xcassets in Resources */ = {isa = PBXBuildFile; fileRef = 9DB8604A282561E800B58A9A /* Preview Assets.xcassets */; };
		9DB860532825620E00B58A9A /* SwiftSoup in Frameworks */ = {isa = PBXBuildFile; productRef = 9DB860522825620E00B58A9A /* SwiftSoup */; };
		9DB860552825621A00B58A9A /* DataService.swift in Sources */ = {isa = PBXBuildFile; fileRef = 9DB860542825621A00B58A9A /* DataService.swift */; };
		9DB860572825688A00B58A9A /* Article.swift in Sources */ = {isa = PBXBuildFile; fileRef = 9DB860562825688A00B58A9A /* Article.swift */; };
		9DB8605928257BE600B58A9A /* ArticleCell.swift in Sources */ = {isa = PBXBuildFile; fileRef = 9DB8605828257BE600B58A9A /* ArticleCell.swift */; };
		9DED36932826630500B9FE76 /* DateFormatter+Extensions.swift in Sources */ = {isa = PBXBuildFile; fileRef = 9DED36922826630500B9FE76 /* DateFormatter+Extensions.swift */; };
/* End PBXBuildFile section */

/* Begin PBXFileReference section */
		9D69CB3B2825B75000D9D753 /* Date+Extensions.swift */ = {isa = PBXFileReference; lastKnownFileType = sourcecode.swift; path = "Date+Extensions.swift"; sourceTree = "<group>"; };
		9DB86040282561E800B58A9A /* WebDataScraper.app */ = {isa = PBXFileReference; explicitFileType = wrapper.application; includeInIndex = 0; path = WebDataScraper.app; sourceTree = BUILT_PRODUCTS_DIR; };
		9DB86043282561E800B58A9A /* WebDataScraperApp.swift */ = {isa = PBXFileReference; lastKnownFileType = sourcecode.swift; path = WebDataScraperApp.swift; sourceTree = "<group>"; };
		9DB86045282561E800B58A9A /* ArticleListView.swift */ = {isa = PBXFileReference; lastKnownFileType = sourcecode.swift; path = ArticleListView.swift; sourceTree = "<group>"; };
		9DB86047282561E800B58A9A /* Assets.xcassets */ = {isa = PBXFileReference; lastKnownFileType = folder.assetcatalog; path = Assets.xcassets; sourceTree = "<group>"; };
		9DB8604A282561E800B58A9A /* Preview Assets.xcassets */ = {isa = PBXFileReference; lastKnownFileType = folder.assetcatalog; path = "Preview Assets.xcassets"; sourceTree = "<group>"; };
		9DB860542825621A00B58A9A /* DataService.swift */ = {isa = PBXFileReference; lastKnownFileType = sourcecode.swift; path = DataService.swift; sourceTree = "<group>"; };
		9DB860562825688A00B58A9A /* Article.swift */ = {isa = PBXFileReference; lastKnownFileType = sourcecode.swift; path = Article.swift; sourceTree = "<group>"; };
		9DB8605828257BE600B58A9A /* ArticleCell.swift */ = {isa = PBXFileReference; lastKnownFileType = sourcecode.swift; path = ArticleCell.swift; sourceTree = "<group>"; };
		9DED36922826630500B9FE76 /* DateFormatter+Extensions.swift */ = {isa = PBXFileReference; lastKnownFileType = sourcecode.swift; path = "DateFormatter+Extensions.swift"; sourceTree = "<group>"; };
/* End PBXFileReference section */

/* Begin PBXFrameworksBuildPhase section */
		9DB8603D282561E800B58A9A /* Frameworks */ = {
			isa = PBXFrameworksBuildPhase;
			buildActionMask = 2147483647;
			files = (
				9DB860532825620E00B58A9A /* SwiftSoup in Frameworks */,
			);
			runOnlyForDeploymentPostprocessing = 0;
		};
/* End PBXFrameworksBuildPhase section */

/* Begin PBXGroup section */
		9DB86037282561E800B58A9A = {
			isa = PBXGroup;
			children = (
				9DB86042282561E800B58A9A /* WebDataScraper */,
				9DB86041282561E800B58A9A /* Products */,
			);
			sourceTree = "<group>";
		};
		9DB86041282561E800B58A9A /* Products */ = {
			isa = PBXGroup;
			children = (
				9DB86040282561E800B58A9A /* WebDataScraper.app */,
			);
			name = Products;
			sourceTree = "<group>";
		};
		9DB86042282561E800B58A9A /* WebDataScraper */ = {
			isa = PBXGroup;
			children = (
				9DB86043282561E800B58A9A /* WebDataScraperApp.swift */,
				9DB860542825621A00B58A9A /* DataService.swift */,
				9DB860562825688A00B58A9A /* Article.swift */,
				9DB86045282561E800B58A9A /* ArticleListView.swift */,
				9D69CB3B2825B75000D9D753 /* Date+Extensions.swift */,
				9DED36922826630500B9FE76 /* DateFormatter+Extensions.swift */,
				9DB8605828257BE600B58A9A /* ArticleCell.swift */,
				9DB86047282561E800B58A9A /* Assets.xcassets */,
				9DB86049282561E800B58A9A /* Preview Content */,
			);
			path = WebDataScraper;
			sourceTree = "<group>";
		};
		9DB86049282561E800B58A9A /* Preview Content */ = {
			isa = PBXGroup;
			children = (
				9DB8604A282561E800B58A9A /* Preview Assets.xcassets */,
			);
			path = "Preview Content";
			sourceTree = "<group>";
		};
/* End PBXGroup section */

/* Begin PBXNativeTarget section */
		9DB8603F282561E800B58A9A /* WebDataScraper */ = {
			isa = PBXNativeTarget;
			buildConfigurationList = 9DB8604E282561E800B58A9A /* Build configuration list for PBXNativeTarget "WebDataScraper" */;
			buildPhases = (
				9DB8603C282561E800B58A9A /* Sources */,
				9DB8603D282561E800B58A9A /* Frameworks */,
				9DB8603E282561E800B58A9A /* Resources */,
			);
			buildRules = (
			);
			dependencies = (
			);
			name = WebDataScraper;
			packageProductDependencies = (
				9DB860522825620E00B58A9A /* SwiftSoup */,
			);
			productName = WebDataScraper;
			productReference = 9DB86040282561E800B58A9A /* WebDataScraper.app */;
			productType = "com.apple.product-type.application";
		};
/* End PBXNativeTarget section */

/* Begin PBXProject section */
		9DB86038282561E800B58A9A /* Project object */ = {
			isa = PBXProject;
			attributes = {
				BuildIndependentTargetsInParallel = 1;
				LastSwiftUpdateCheck = 1330;
				LastUpgradeCheck = 1330;
				TargetAttributes = {
					9DB8603F282561E800B58A9A = {
						CreatedOnToolsVersion = 13.3.1;
					};
				};
			};
			buildConfigurationList = 9DB8603B282561E800B58A9A /* Build configuration list for PBXProject "WebDataScraper" */;
			compatibilityVersion = "Xcode 13.0";
			developmentRegion = en;
			hasScannedForEncodings = 0;
			knownRegions = (
				en,
				Base,
			);
			mainGroup = 9DB86037282561E800B58A9A;
			packageReferences = (
				9DB860512825620E00B58A9A /* XCRemoteSwiftPackageReference "SwiftSoup" */,
			);
			productRefGroup = 9DB86041282561E800B58A9A /* Products */;
			projectDirPath = "";
			projectRoot = "";
			targets = (
				9DB8603F282561E800B58A9A /* WebDataScraper */,
			);
		};
/* End PBXProject section */

/* Begin PBXResourcesBuildPhase section */
		9DB8603E282561E800B58A9A /* Resources */ = {
			isa = PBXResourcesBuildPhase;
			buildActionMask = 2147483647;
			files = (
				9DB8604B282561E800B58A9A /* Preview Assets.xcassets in Resources */,
				9DB86048282561E800B58A9A /* Assets.xcassets in Resources */,
			);
			runOnlyForDeploymentPostprocessing = 0;
		};
/* End PBXResourcesBuildPhase section */

/* Begin PBXSourcesBuildPhase section */
		9DB8603C282561E800B58A9A /* Sources */ = {
			isa = PBXSourcesBuildPhase;
			buildActionMask = 2147483647;
			files = (
				9DB860572825688A00B58A9A /* Article.swift in Sources */,
				9DB860552825621A00B58A9A /* DataService.swift in Sources */,
				9DED36932826630500B9FE76 /* DateFormatter+Extensions.swift in Sources */,
				9DB86046282561E800B58A9A /* ArticleListView.swift in Sources */,
				9DB8605928257BE600B58A9A /* ArticleCell.swift in Sources */,
				9DB86044282561E800B58A9A /* WebDataScraperApp.swift in Sources */,
				9D69CB3C2825B75000D9D753 /* Date+Extensions.swift in Sources */,
			);
			runOnlyForDeploymentPostprocessing = 0;
		};
/* End PBXSourcesBuildPhase section */

/* Begin XCBuildConfiguration section */
		9DB8604C282561E800B58A9A /* Debug */ = {
			isa = XCBuildConfiguration;
			buildSettings = {
				ALWAYS_SEARCH_USER_PATHS = NO;
				CLANG_ANALYZER_NONNULL = YES;
				CLANG_ANALYZER_NUMBER_OBJECT_CONVERSION = YES_AGGRESSIVE;
				CLANG_CXX_LANGUAGE_STANDARD = "gnu++17";
				CLANG_ENABLE_MODULES = YES;
				CLANG_ENABLE_OBJC_ARC = YES;
				CLANG_ENABLE_OBJC_WEAK = YES;
				CLANG_WARN_BLOCK_CAPTURE_AUTORELEASING = YES;
				CLANG_WARN_BOOL_CONVERSION = YES;
				CLANG_WARN_COMMA = YES;
				CLANG_WARN_CONSTANT_CONVERSION = YES;
				CLANG_WARN_DEPRECATED_OBJC_IMPLEMENTATIONS = YES;
				CLANG_WARN_DIRECT_OBJC_ISA_USAGE = YES_ERROR;
				CLANG_WARN_DOCUMENTATION_COMMENTS = YES;
				CLANG_WARN_EMPTY_BODY = YES;
				CLANG_WARN_ENUM_CONVERSION = YES;
				CLANG_WARN_INFINITE_RECURSION = YES;
				CLANG_WARN_INT_CONVERSION = YES;
				CLANG_WARN_NON_LITERAL_NULL_CONVERSION = YES;
				CLANG_WARN_OBJC_IMPLICIT_RETAIN_SELF = YES;
				CLANG_WARN_OBJC_LITERAL_CONVERSION = YES;
				CLANG_WARN_OBJC_ROOT_CLASS = YES_ERROR;
				CLANG_WARN_QUOTED_INCLUDE_IN_FRAMEWORK_HEADER = YES;
				CLANG_WARN_RANGE_LOOP_ANALYSIS = YES;
				CLANG_WARN_STRICT_PROTOTYPES = YES;
				CLANG_WARN_SUSPICIOUS_MOVE = YES;
				CLANG_WARN_UNGUARDED_AVAILABILITY = YES_AGGRESSIVE;
				CLANG_WARN_UNREACHABLE_CODE = YES;
				CLANG_WARN__DUPLICATE_METHOD_MATCH = YES;
				COPY_PHASE_STRIP = NO;
				DEBUG_INFORMATION_FORMAT = dwarf;
				ENABLE_STRICT_OBJC_MSGSEND = YES;
				ENABLE_TESTABILITY = YES;
				GCC_C_LANGUAGE_STANDARD = gnu11;
				GCC_DYNAMIC_NO_PIC = NO;
				GCC_NO_COMMON_BLOCKS = YES;
				GCC_OPTIMIZATION_LEVEL = 0;
				GCC_PREPROCESSOR_DEFINITIONS = (
					"DEBUG=1",
					"$(inherited)",
				);
				GCC_WARN_64_TO_32_BIT_CONVERSION = YES;
				GCC_WARN_ABOUT_RETURN_TYPE = YES_ERROR;
				GCC_WARN_UNDECLARED_SELECTOR = YES;
				GCC_WARN_UNINITIALIZED_AUTOS = YES_AGGRESSIVE;
				GCC_WARN_UNUSED_FUNCTION = YES;
				GCC_WARN_UNUSED_VARIABLE = YES;
				IPHONEOS_DEPLOYMENT_TARGET = 15.4;
				MTL_ENABLE_DEBUG_INFO = INCLUDE_SOURCE;
				MTL_FAST_MATH = YES;
				ONLY_ACTIVE_ARCH = YES;
				SDKROOT = iphoneos;
				SWIFT_ACTIVE_COMPILATION_CONDITIONS = DEBUG;
				SWIFT_OPTIMIZATION_LEVEL = "-Onone";
			};
			name = Debug;
		};
		9DB8604D282561E800B58A9A /* Release */ = {
			isa = XCBuildConfiguration;
			buildSettings = {
				ALWAYS_SEARCH_USER_PATHS = NO;
				CLANG_ANALYZER_NONNULL = YES;
				CLANG_ANALYZER_NUMBER_OBJECT_CONVERSION = YES_AGGRESSIVE;
				CLANG_CXX_LANGUAGE_STANDARD = "gnu++17";
				CLANG_ENABLE_MODULES = YES;
				CLANG_ENABLE_OBJC_ARC = YES;
				CLANG_ENABLE_OBJC_WEAK = YES;
				CLANG_WARN_BLOCK_CAPTURE_AUTORELEASING = YES;
				CLANG_WARN_BOOL_CONVERSION = YES;
				CLANG_WARN_COMMA = YES;
				CLANG_WARN_CONSTANT_CONVERSION = YES;
				CLANG_WARN_DEPRECATED_OBJC_IMPLEMENTATIONS = YES;
				CLANG_WARN_DIRECT_OBJC_ISA_USAGE = YES_ERROR;
				CLANG_WARN_DOCUMENTATION_COMMENTS = YES;
				CLANG_WARN_EMPTY_BODY = YES;
				CLANG_WARN_ENUM_CONVERSION = YES;
				CLANG_WARN_INFINITE_RECURSION = YES;
				CLANG_WARN_INT_CONVERSION = YES;
				CLANG_WARN_NON_LITERAL_NULL_CONVERSION = YES;
				CLANG_WARN_OBJC_IMPLICIT_RETAIN_SELF = YES;
				CLANG_WARN_OBJC_LITERAL_CONVERSION = YES;
				CLANG_WARN_OBJC_ROOT_CLASS = YES_ERROR;
				CLANG_WARN_QUOTED_INCLUDE_IN_FRAMEWORK_HEADER = YES;
				CLANG_WARN_RANGE_LOOP_ANALYSIS = YES;
				CLANG_WARN_STRICT_PROTOTYPES = YES;
				CLANG_WARN_SUSPICIOUS_MOVE = YES;
				CLANG_WARN_UNGUARDED_AVAILABILITY = YES_AGGRESSIVE;
				CLANG_WARN_UNREACHABLE_CODE = YES;
				CLANG_WARN__DUPLICATE_METHOD_MATCH = YES;
				COPY_PHASE_STRIP = NO;
				DEBUG_INFORMATION_FORMAT = "dwarf-with-dsym";
				ENABLE_NS_ASSERTIONS = NO;
				ENABLE_STRICT_OBJC_MSGSEND = YES;
				GCC_C_LANGUAGE_STANDARD = gnu11;
				GCC_NO_COMMON_BLOCKS = YES;
				GCC_WARN_64_TO_32_BIT_CONVERSION = YES;
				GCC_WARN_ABOUT_RETURN_TYPE = YES_ERROR;
				GCC_WARN_UNDECLARED_SELECTOR = YES;
				GCC_WARN_UNINITIALIZED_AUTOS = YES_AGGRESSIVE;
				GCC_WARN_UNUSED_FUNCTION = YES;
				GCC_WARN_UNUSED_VARIABLE = YES;
				IPHONEOS_DEPLOYMENT_TARGET = 15.4;
				MTL_ENABLE_DEBUG_INFO = NO;
				MTL_FAST_MATH = YES;
				SDKROOT = iphoneos;
				SWIFT_COMPILATION_MODE = wholemodule;
				SWIFT_OPTIMIZATION_LEVEL = "-O";
				VALIDATE_PRODUCT = YES;
			};
			name = Release;
		};
		9DB8604F282561E800B58A9A /* Debug */ = {
			isa = XCBuildConfiguration;
			buildSettings = {
				ASSETCATALOG_COMPILER_APPICON_NAME = AppIcon;
				ASSETCATALOG_COMPILER_GLOBAL_ACCENT_COLOR_NAME = AccentColor;
				CODE_SIGN_STYLE = Automatic;
				CURRENT_PROJECT_VERSION = 1;
				DEVELOPMENT_ASSET_PATHS = "\"WebDataScraper/Preview Content\"";
				DEVELOPMENT_TEAM = RKA7R98LN8;
				ENABLE_PREVIEWS = YES;
				GENERATE_INFOPLIST_FILE = YES;
				INFOPLIST_KEY_UIApplicationSceneManifest_Generation = YES;
				INFOPLIST_KEY_UIApplicationSupportsIndirectInputEvents = YES;
				INFOPLIST_KEY_UILaunchScreen_Generation = YES;
				INFOPLIST_KEY_UISupportedInterfaceOrientations_iPad = "UIInterfaceOrientationPortrait UIInterfaceOrientationPortraitUpsideDown UIInterfaceOrientationLandscapeLeft UIInterfaceOrientationLandscapeRight";
				INFOPLIST_KEY_UISupportedInterfaceOrientations_iPhone = "UIInterfaceOrientationPortrait UIInterfaceOrientationLandscapeLeft UIInterfaceOrientationLandscapeRight";
				LD_RUNPATH_SEARCH_PATHS = (
					"$(inherited)",
					"@executable_path/Frameworks",
				);
				MARKETING_VERSION = 1.0;
				PRODUCT_BUNDLE_IDENTIFIER = tr.com.egesucu.WebDataScraper;
				PRODUCT_NAME = "$(TARGET_NAME)";
				SWIFT_EMIT_LOC_STRINGS = YES;
				SWIFT_VERSION = 5.0;
				TARGETED_DEVICE_FAMILY = "1,2";
			};
			name = Debug;
		};
		9DB86050282561E800B58A9A /* Release */ = {
			isa = XCBuildConfiguration;
			buildSettings = {
				ASSETCATALOG_COMPILER_APPICON_NAME = AppIcon;
				ASSETCATALOG_COMPILER_GLOBAL_ACCENT_COLOR_NAME = AccentColor;
				CODE_SIGN_STYLE = Automatic;
				CURRENT_PROJECT_VERSION = 1;
				DEVELOPMENT_ASSET_PATHS = "\"WebDataScraper/Preview Content\"";
				DEVELOPMENT_TEAM = RKA7R98LN8;
				ENABLE_PREVIEWS = YES;
				GENERATE_INFOPLIST_FILE = YES;
				INFOPLIST_KEY_UIApplicationSceneManifest_Generation = YES;
				INFOPLIST_KEY_UIApplicationSupportsIndirectInputEvents = YES;
				INFOPLIST_KEY_UILaunchScreen_Generation = YES;
				INFOPLIST_KEY_UISupportedInterfaceOrientations_iPad = "UIInterfaceOrientationPortrait UIInterfaceOrientationPortraitUpsideDown UIInterfaceOrientationLandscapeLeft UIInterfaceOrientationLandscapeRight";
				INFOPLIST_KEY_UISupportedInterfaceOrientations_iPhone = "UIInterfaceOrientationPortrait UIInterfaceOrientationLandscapeLeft UIInterfaceOrientationLandscapeRight";
				LD_RUNPATH_SEARCH_PATHS = (
					"$(inherited)",
					"@executable_path/Frameworks",
				);
				MARKETING_VERSION = 1.0;
				PRODUCT_BUNDLE_IDENTIFIER = tr.com.egesucu.WebDataScraper;
				PRODUCT_NAME = "$(TARGET_NAME)";
				SWIFT_EMIT_LOC_STRINGS = YES;
				SWIFT_VERSION = 5.0;
				TARGETED_DEVICE_FAMILY = "1,2";
			};
			name = Release;
		};
/* End XCBuildConfiguration section */

/* Begin XCConfigurationList section */
		9DB8603B282561E800B58A9A /* Build configuration list for PBXProject "WebDataScraper" */ = {
			isa = XCConfigurationList;
			buildConfigurations = (
				9DB8604C282561E800B58A9A /* Debug */,
				9DB8604D282561E800B58A9A /* Release */,
			);
			defaultConfigurationIsVisible = 0;
			defaultConfigurationName = Release;
		};
		9DB8604E282561E800B58A9A /* Build configuration list for PBXNativeTarget "WebDataScraper" */ = {
			isa = XCConfigurationList;
			buildConfigurations = (
				9DB8604F282561E800B58A9A /* Debug */,
				9DB86050282561E800B58A9A /* Release */,
			);
			defaultConfigurationIsVisible = 0;
			defaultConfigurationName = Release;
		};
/* End XCConfigurationList section */

/* Begin XCRemoteSwiftPackageReference section */
		9DB860512825620E00B58A9A /* XCRemoteSwiftPackageReference "SwiftSoup" */ = {
			isa = XCRemoteSwiftPackageReference;
			repositoryURL = "https://github.com/scinfu/SwiftSoup";
			requirement = {
				branch = master;
				kind = branch;
			};
		};
/* End XCRemoteSwiftPackageReference section */

/* Begin XCSwiftPackageProductDependency section */
		9DB860522825620E00B58A9A /* SwiftSoup */ = {
			isa = XCSwiftPackageProductDependency;
			package = 9DB860512825620E00B58A9A /* XCRemoteSwiftPackageReference "SwiftSoup" */;
			productName = SwiftSoup;
		};
/* End XCSwiftPackageProductDependency section */
	};
	rootObject = 9DB86038282561E800B58A9A /* Project object */;
}
